<?xml version="1.0" encoding="utf-8"?>
<Project ToolsVersion="4.0" xmlns="http://schemas.microsoft.com/developer/msbuild/2003">
  <ItemGroup>
    <Filter Include="源文件">
      <UniqueIdentifier>{4FC737F1-C7A5-4376-A066-2A32D752A2FF}</UniqueIdentifier>
      <Extensions>cpp;c;cc;cxx;c++;cppm;ixx;def;odl;idl;hpj;bat;asm;asmx</Extensions>
    </Filter>
    <Filter Include="头文件">
      <UniqueIdentifier>{93995380-89BD-4b04-88EB-625FBE52EBFB}</UniqueIdentifier>
      <Extensions>h;hh;hpp;hxx;h++;hm;inl;inc;ipp;xsd</Extensions>
    </Filter>
    <Filter Include="资源文件">
      <UniqueIdentifier>{67DA6AB6-F800-4c08-8B7A-83BB121AAD01}</UniqueIdentifier>
      <Extensions>rc;ico;cur;bmp;dlg;rc2;rct;bin;rgs;gif;jpg;jpeg;jpe;resx;tiff;tif;png;wav;mfcribbon-ms</Extensions>
    </Filter>
  </ItemGroup>
  <ItemGroup>
    <ClCompile Include="deque容器构造函数.cpp">
      <Filter>源文件</Filter>
    </ClCompile>
    <ClCompile Include="deque容器的赋值操作.cpp">
      <Filter>源文件</Filter>
    </ClCompile>
    <ClCompile Include="deque容器的大小操作.cpp">
      <Filter>源文件</Filter>
    </ClCompile>
    <ClCompile Include="deque容器的插入与删除.cpp">
      <Filter>源文件</Filter>
    </ClCompile>
    <ClCompile Include="deque数据存储.cpp">
      <Filter>源文件</Filter>
    </ClCompile>
    <ClCompile Include="deque容器的排序.cpp">
      <Filter>源文件</Filter>
    </ClCompile>
    <ClCompile Include="评委打分案例.cpp">
      <Filter>源文件</Filter>
    </ClCompile>
    <ClCompile Include="stack容器.cpp">
      <Filter>源文件</Filter>
    </ClCompile>
    <ClCompile Include="queue容器.cpp">
      <Filter>源文件</Filter>
    </ClCompile>
    <ClCompile Include="list容器构造函数.cpp">
      <Filter>源文件</Filter>
    </ClCompile>
    <ClCompile Include="list容器赋值和交换.cpp">
      <Filter>源文件</Filter>
    </ClCompile>
    <ClCompile Include="list容器大小操作.cpp">
      <Filter>源文件</Filter>
    </ClCompile>
    <ClCompile Include="list容器删除与插入.cpp">
      <Filter>源文件</Filter>
    </ClCompile>
    <ClCompile Include="list容器数据存取.cpp">
      <Filter>源文件</Filter>
    </ClCompile>
    <ClCompile Include="list容器反转排序.cpp">
      <Filter>源文件</Filter>
    </ClCompile>
    <ClCompile Include="list容器排序案例.cpp">
      <Filter>源文件</Filter>
    </ClCompile>
    <ClCompile Include="set容器构造.cpp">
      <Filter>源文件</Filter>
    </ClCompile>
    <ClCompile Include="set容器的大小和交换操作.cpp">
      <Filter>源文件</Filter>
    </ClCompile>
    <ClCompile Include="set容器的插入和删除操作.cpp">
      <Filter>源文件</Filter>
    </ClCompile>
    <ClCompile Include="set容器的查找和统计.cpp">
      <Filter>源文件</Filter>
    </ClCompile>
    <ClCompile Include="set和mutiset的区别.cpp">
      <Filter>源文件</Filter>
    </ClCompile>
    <ClCompile Include="pair对组创建.cpp">
      <Filter>源文件</Filter>
    </ClCompile>
    <ClCompile Include="set容器的排序.cpp">
      <Filter>源文件</Filter>
    </ClCompile>
  </ItemGroup>
</Project>